
Microsoft Visual Studio Solution File, Format Version 12.00
# Visual Studio Version 17
VisualStudioVersion = 17.8.34511.84
MinimumVisualStudioVersion = 10.0.40219.1
Project("{FAE04EC0-301F-11D3-BF4B-00C04F79EFBC}") = "dvillavicencioS6", "dvillavicencioS6\dvillavicencioS6.csproj", "{3DB14F54-A7A0-4A43-8D80-EA722813B86C}"
EndProject
Global
	GlobalSection(SolutionConfigurationPlatforms) = preSolution
		Debug|Any CPU = Debug|Any CPU
		Release|Any CPU = Release|Any CPU
	EndGlobalSection
	GlobalSection(ProjectConfigurationPlatforms) = postSolution
		{3DB14F54-A7A0-4A43-8D80-EA722813B86C}.Debug|Any CPU.ActiveCfg = Debug|Any CPU
		{3DB14F54-A7A0-4A43-8D80-EA722813B86C}.Debug|Any CPU.Build.0 = Debug|Any CPU
		{3DB14F54-A7A0-4A43-8D80-EA722813B86C}.Debug|Any CPU.Deploy.0 = Debug|Any CPU
		{3DB14F54-A7A0-4A43-8D80-EA722813B86C}.Release|Any CPU.ActiveCfg = Release|Any CPU
		{3DB14F54-A7A0-4A43-8D80-EA722813B86C}.Release|Any CPU.Build.0 = Release|Any CPU
		{3DB14F54-A7A0-4A43-8D80-EA722813B86C}.Release|Any CPU.Deploy.0 = Release|Any CPU
	EndGlobalSection
	GlobalSection(SolutionProperties) = preSolution
		HideSolutionNode = FALSE
	EndGlobalSection
	GlobalSection(ExtensibilityGlobals) = postSolution
		SolutionGuid = {D695CB10-895D-45D5-A72C-3496CB18950C}
	EndGlobalSection
EndGlobal
